// !$*UTF8*$!
{
	archiveVersion = 1;
	classes = {
	};
	objectVersion = 56;
	objects = {

/* Begin PBXBuildFile section */
		4A024FAA2A9FAAB200B25EF2 /* CachedImage.swift in Sources */ = {isa = PBXBuildFile; fileRef = 4A024FA92A9FAAB200B25EF2 /* CachedImage.swift */; };
		4A024FAC2A9FDF9600B25EF2 /* DetailsScreeen.swift in Sources */ = {isa = PBXBuildFile; fileRef = 4A024FAB2A9FDF9600B25EF2 /* DetailsScreeen.swift */; };
		4A2D7CDE2A9BCCEE00387EDB /* AppDelegate.swift in Sources */ = {isa = PBXBuildFile; fileRef = 4A2D7CDD2A9BCCEE00387EDB /* AppDelegate.swift */; };
		4A2D7CE02A9BCCEE00387EDB /* SceneDelegate.swift in Sources */ = {isa = PBXBuildFile; fileRef = 4A2D7CDF2A9BCCEE00387EDB /* SceneDelegate.swift */; };
		4A2D7CE22A9BCCEE00387EDB /* MainScreen.swift in Sources */ = {isa = PBXBuildFile; fileRef = 4A2D7CE12A9BCCEE00387EDB /* MainScreen.swift */; };
		4A2D7CE52A9BCCEE00387EDB /* Main.storyboard in Resources */ = {isa = PBXBuildFile; fileRef = 4A2D7CE32A9BCCEE00387EDB /* Main.storyboard */; };
		4A2D7CE72A9BCCEF00387EDB /* Assets.xcassets in Resources */ = {isa = PBXBuildFile; fileRef = 4A2D7CE62A9BCCEF00387EDB /* Assets.xcassets */; };
		4A2D7CEA2A9BCCEF00387EDB /* LaunchScreen.storyboard in Resources */ = {isa = PBXBuildFile; fileRef = 4A2D7CE82A9BCCEF00387EDB /* LaunchScreen.storyboard */; };
		4A2D7CF22A9BCD1500387EDB /* LoadController.swift in Sources */ = {isa = PBXBuildFile; fileRef = 4A2D7CF12A9BCD1500387EDB /* LoadController.swift */; };
		4A2D7CF62A9BCF1E00387EDB /* DetailsScreenData.swift in Sources */ = {isa = PBXBuildFile; fileRef = 4A2D7CF52A9BCF1E00387EDB /* DetailsScreenData.swift */; };
		4A2D7CF92A9BCFF600387EDB /* MainScreenData.swift in Sources */ = {isa = PBXBuildFile; fileRef = 4A2D7CF82A9BCFF600387EDB /* MainScreenData.swift */; };
/* End PBXBuildFile section */

/* Begin PBXFileReference section */
		4A024FA92A9FAAB200B25EF2 /* CachedImage.swift */ = {isa = PBXFileReference; lastKnownFileType = sourcecode.swift; path = CachedImage.swift; sourceTree = "<group>"; };
		4A024FAB2A9FDF9600B25EF2 /* DetailsScreeen.swift */ = {isa = PBXFileReference; lastKnownFileType = sourcecode.swift; path = DetailsScreeen.swift; sourceTree = "<group>"; };
		4A2D7CDA2A9BCCEE00387EDB /* ShopView.app */ = {isa = PBXFileReference; explicitFileType = wrapper.application; includeInIndex = 0; path = ShopView.app; sourceTree = BUILT_PRODUCTS_DIR; };
		4A2D7CDD2A9BCCEE00387EDB /* AppDelegate.swift */ = {isa = PBXFileReference; lastKnownFileType = sourcecode.swift; path = AppDelegate.swift; sourceTree = "<group>"; };
		4A2D7CDF2A9BCCEE00387EDB /* SceneDelegate.swift */ = {isa = PBXFileReference; lastKnownFileType = sourcecode.swift; path = SceneDelegate.swift; sourceTree = "<group>"; };
		4A2D7CE12A9BCCEE00387EDB /* MainScreen.swift */ = {isa = PBXFileReference; lastKnownFileType = sourcecode.swift; path = MainScreen.swift; sourceTree = "<group>"; };
		4A2D7CE42A9BCCEE00387EDB /* Base */ = {isa = PBXFileReference; lastKnownFileType = file.storyboard; name = Base; path = Base.lproj/Main.storyboard; sourceTree = "<group>"; };
		4A2D7CE62A9BCCEF00387EDB /* Assets.xcassets */ = {isa = PBXFileReference; lastKnownFileType = folder.assetcatalog; path = Assets.xcassets; sourceTree = "<group>"; };
		4A2D7CE92A9BCCEF00387EDB /* Base */ = {isa = PBXFileReference; lastKnownFileType = file.storyboard; name = Base; path = Base.lproj/LaunchScreen.storyboard; sourceTree = "<group>"; };
		4A2D7CEB2A9BCCEF00387EDB /* Info.plist */ = {isa = PBXFileReference; lastKnownFileType = text.plist.xml; path = Info.plist; sourceTree = "<group>"; };
		4A2D7CF12A9BCD1500387EDB /* LoadController.swift */ = {isa = PBXFileReference; lastKnownFileType = sourcecode.swift; path = LoadController.swift; sourceTree = "<group>"; };
		4A2D7CF52A9BCF1E00387EDB /* DetailsScreenData.swift */ = {isa = PBXFileReference; lastKnownFileType = sourcecode.swift; path = DetailsScreenData.swift; sourceTree = "<group>"; };
		4A2D7CF82A9BCFF600387EDB /* MainScreenData.swift */ = {isa = PBXFileReference; lastKnownFileType = sourcecode.swift; path = MainScreenData.swift; sourceTree = "<group>"; };
/* End PBXFileReference section */

/* Begin PBXFrameworksBuildPhase section */
		4A2D7CD72A9BCCEE00387EDB /* Frameworks */ = {
			isa = PBXFrameworksBuildPhase;
			buildActionMask = 2147483647;
			files = (
			);
			runOnlyForDeploymentPostprocessing = 0;
		};
/* End PBXFrameworksBuildPhase section */

/* Begin PBXGroup section */
		4A024FAD2A9FDFAA00B25EF2 /* View */ = {
			isa = PBXGroup;
			children = (
				4A2D7CE12A9BCCEE00387EDB /* MainScreen.swift */,
				4A024FAB2A9FDF9600B25EF2 /* DetailsScreeen.swift */,
			);
			path = View;
			sourceTree = "<group>";
		};
		4A024FAE2A9FE10600B25EF2 /* Controller */ = {
			isa = PBXGroup;
			children = (
				4A2D7CF12A9BCD1500387EDB /* LoadController.swift */,
				4A024FA92A9FAAB200B25EF2 /* CachedImage.swift */,
			);
			path = Controller;
			sourceTree = "<group>";
		};
		4A2D7CD12A9BCCED00387EDB = {
			isa = PBXGroup;
			children = (
				4A2D7CDC2A9BCCEE00387EDB /* ShopView */,
				4A2D7CDB2A9BCCEE00387EDB /* Products */,
			);
			sourceTree = "<group>";
		};
		4A2D7CDB2A9BCCEE00387EDB /* Products */ = {
			isa = PBXGroup;
			children = (
				4A2D7CDA2A9BCCEE00387EDB /* ShopView.app */,
			);
			name = Products;
			sourceTree = "<group>";
		};
		4A2D7CDC2A9BCCEE00387EDB /* ShopView */ = {
			isa = PBXGroup;
			children = (
				4A2D7CDD2A9BCCEE00387EDB /* AppDelegate.swift */,
				4A024FAE2A9FE10600B25EF2 /* Controller */,
				4A2D7CF72A9BCF6500387EDB /* Model */,
				4A2D7CDF2A9BCCEE00387EDB /* SceneDelegate.swift */,
				4A024FAD2A9FDFAA00B25EF2 /* View */,
				4A2D7CE32A9BCCEE00387EDB /* Main.storyboard */,
				4A2D7CE62A9BCCEF00387EDB /* Assets.xcassets */,
				4A2D7CE82A9BCCEF00387EDB /* LaunchScreen.storyboard */,
				4A2D7CEB2A9BCCEF00387EDB /* Info.plist */,
			);
			path = ShopView;
			sourceTree = "<group>";
		};
		4A2D7CF72A9BCF6500387EDB /* Model */ = {
			isa = PBXGroup;
			children = (
				4A2D7CF52A9BCF1E00387EDB /* DetailsScreenData.swift */,
				4A2D7CF82A9BCFF600387EDB /* MainScreenData.swift */,
			);
			path = Model;
			sourceTree = "<group>";
		};
/* End PBXGroup section */

/* Begin PBXNativeTarget section */
		4A2D7CD92A9BCCEE00387EDB /* ShopView */ = {
			isa = PBXNativeTarget;
			buildConfigurationList = 4A2D7CEE2A9BCCEF00387EDB /* Build configuration list for PBXNativeTarget "ShopView" */;
			buildPhases = (
				4A2D7CD62A9BCCEE00387EDB /* Sources */,
				4A2D7CD72A9BCCEE00387EDB /* Frameworks */,
				4A2D7CD82A9BCCEE00387EDB /* Resources */,
			);
			buildRules = (
			);
			dependencies = (
			);
			name = ShopView;
			productName = ShopView;
			productReference = 4A2D7CDA2A9BCCEE00387EDB /* ShopView.app */;
			productType = "com.apple.product-type.application";
		};
/* End PBXNativeTarget section */

/* Begin PBXProject section */
		4A2D7CD22A9BCCED00387EDB /* Project object */ = {
			isa = PBXProject;
			attributes = {
				BuildIndependentTargetsInParallel = 1;
				LastSwiftUpdateCheck = 1400;
				LastUpgradeCheck = 1400;
				TargetAttributes = {
					4A2D7CD92A9BCCEE00387EDB = {
						CreatedOnToolsVersion = 14.0.1;
					};
				};
			};
			buildConfigurationList = 4A2D7CD52A9BCCED00387EDB /* Build configuration list for PBXProject "ShopView" */;
			compatibilityVersion = "Xcode 14.0";
			developmentRegion = en;
			hasScannedForEncodings = 0;
			knownRegions = (
				en,
				Base,
			);
			mainGroup = 4A2D7CD12A9BCCED00387EDB;
			productRefGroup = 4A2D7CDB2A9BCCEE00387EDB /* Products */;
			projectDirPath = "";
			projectRoot = "";
			targets = (
				4A2D7CD92A9BCCEE00387EDB /* ShopView */,
			);
		};
/* End PBXProject section */

/* Begin PBXResourcesBuildPhase section */
		4A2D7CD82A9BCCEE00387EDB /* Resources */ = {
			isa = PBXResourcesBuildPhase;
			buildActionMask = 2147483647;
			files = (
				4A2D7CEA2A9BCCEF00387EDB /* LaunchScreen.storyboard in Resources */,
				4A2D7CE72A9BCCEF00387EDB /* Assets.xcassets in Resources */,
				4A2D7CE52A9BCCEE00387EDB /* Main.storyboard in Resources */,
			);
			runOnlyForDeploymentPostprocessing = 0;
		};
/* End PBXResourcesBuildPhase section */

/* Begin PBXSourcesBuildPhase section */
		4A2D7CD62A9BCCEE00387EDB /* Sources */ = {
			isa = PBXSourcesBuildPhase;
			buildActionMask = 2147483647;
			files = (
				4A2D7CE22A9BCCEE00387EDB /* MainScreen.swift in Sources */,
				4A2D7CDE2A9BCCEE00387EDB /* AppDelegate.swift in Sources */,
				4A024FAC2A9FDF9600B25EF2 /* DetailsScreeen.swift in Sources */,
				4A2D7CE02A9BCCEE00387EDB /* SceneDelegate.swift in Sources */,
				4A2D7CF22A9BCD1500387EDB /* LoadController.swift in Sources */,
				4A2D7CF92A9BCFF600387EDB /* MainScreenData.swift in Sources */,
				4A024FAA2A9FAAB200B25EF2 /* CachedImage.swift in Sources */,
				4A2D7CF62A9BCF1E00387EDB /* DetailsScreenData.swift in Sources */,
			);
			runOnlyForDeploymentPostprocessing = 0;
		};
/* End PBXSourcesBuildPhase section */

/* Begin PBXVariantGroup section */
		4A2D7CE32A9BCCEE00387EDB /* Main.storyboard */ = {
			isa = PBXVariantGroup;
			children = (
				4A2D7CE42A9BCCEE00387EDB /* Base */,
			);
			name = Main.storyboard;
			sourceTree = "<group>";
		};
		4A2D7CE82A9BCCEF00387EDB /* LaunchScreen.storyboard */ = {
			isa = PBXVariantGroup;
			children = (
				4A2D7CE92A9BCCEF00387EDB /* Base */,
			);
			name = LaunchScreen.storyboard;
			sourceTree = "<group>";
		};
/* End PBXVariantGroup section */

/* Begin XCBuildConfiguration section */
		4A2D7CEC2A9BCCEF00387EDB /* Debug */ = {
			isa = XCBuildConfiguration;
			buildSettings = {
				ALWAYS_SEARCH_USER_PATHS = NO;
				CLANG_ANALYZER_NONNULL = YES;
				CLANG_ANALYZER_NUMBER_OBJECT_CONVERSION = YES_AGGRESSIVE;
				CLANG_CXX_LANGUAGE_STANDARD = "gnu++20";
				CLANG_ENABLE_MODULES = YES;
				CLANG_ENABLE_OBJC_ARC = YES;
				CLANG_ENABLE_OBJC_WEAK = YES;
				CLANG_WARN_BLOCK_CAPTURE_AUTORELEASING = YES;
				CLANG_WARN_BOOL_CONVERSION = YES;
				CLANG_WARN_COMMA = YES;
				CLANG_WARN_CONSTANT_CONVERSION = YES;
				CLANG_WARN_DEPRECATED_OBJC_IMPLEMENTATIONS = YES;
				CLANG_WARN_DIRECT_OBJC_ISA_USAGE = YES_ERROR;
				CLANG_WARN_DOCUMENTATION_COMMENTS = YES;
				CLANG_WARN_EMPTY_BODY = YES;
				CLANG_WARN_ENUM_CONVERSION = YES;
				CLANG_WARN_INFINITE_RECURSION = YES;
				CLANG_WARN_INT_CONVERSION = YES;
				CLANG_WARN_NON_LITERAL_NULL_CONVERSION = YES;
				CLANG_WARN_OBJC_IMPLICIT_RETAIN_SELF = YES;
				CLANG_WARN_OBJC_LITERAL_CONVERSION = YES;
				CLANG_WARN_OBJC_ROOT_CLASS = YES_ERROR;
				CLANG_WARN_QUOTED_INCLUDE_IN_FRAMEWORK_HEADER = YES;
				CLANG_WARN_RANGE_LOOP_ANALYSIS = YES;
				CLANG_WARN_STRICT_PROTOTYPES = YES;
				CLANG_WARN_SUSPICIOUS_MOVE = YES;
				CLANG_WARN_UNGUARDED_AVAILABILITY = YES_AGGRESSIVE;
				CLANG_WARN_UNREACHABLE_CODE = YES;
				CLANG_WARN__DUPLICATE_METHOD_MATCH = YES;
				COPY_PHASE_STRIP = NO;
				DEBUG_INFORMATION_FORMAT = dwarf;
				ENABLE_STRICT_OBJC_MSGSEND = YES;
				ENABLE_TESTABILITY = YES;
				GCC_C_LANGUAGE_STANDARD = gnu11;
				GCC_DYNAMIC_NO_PIC = NO;
				GCC_NO_COMMON_BLOCKS = YES;
				GCC_OPTIMIZATION_LEVEL = 0;
				GCC_PREPROCESSOR_DEFINITIONS = (
					"DEBUG=1",
					"$(inherited)",
				);
				GCC_WARN_64_TO_32_BIT_CONVERSION = YES;
				GCC_WARN_ABOUT_RETURN_TYPE = YES_ERROR;
				GCC_WARN_UNDECLARED_SELECTOR = YES;
				GCC_WARN_UNINITIALIZED_AUTOS = YES_AGGRESSIVE;
				GCC_WARN_UNUSED_FUNCTION = YES;
				GCC_WARN_UNUSED_VARIABLE = YES;
				IPHONEOS_DEPLOYMENT_TARGET = 16.0;
				MTL_ENABLE_DEBUG_INFO = INCLUDE_SOURCE;
				MTL_FAST_MATH = YES;
				ONLY_ACTIVE_ARCH = YES;
				SDKROOT = iphoneos;
				SWIFT_ACTIVE_COMPILATION_CONDITIONS = DEBUG;
				SWIFT_OPTIMIZATION_LEVEL = "-Onone";
			};
			name = Debug;
		};
		4A2D7CED2A9BCCEF00387EDB /* Release */ = {
			isa = XCBuildConfiguration;
			buildSettings = {
				ALWAYS_SEARCH_USER_PATHS = NO;
				CLANG_ANALYZER_NONNULL = YES;
				CLANG_ANALYZER_NUMBER_OBJECT_CONVERSION = YES_AGGRESSIVE;
				CLANG_CXX_LANGUAGE_STANDARD = "gnu++20";
				CLANG_ENABLE_MODULES = YES;
				CLANG_ENABLE_OBJC_ARC = YES;
				CLANG_ENABLE_OBJC_WEAK = YES;
				CLANG_WARN_BLOCK_CAPTURE_AUTORELEASING = YES;
				CLANG_WARN_BOOL_CONVERSION = YES;
				CLANG_WARN_COMMA = YES;
				CLANG_WARN_CONSTANT_CONVERSION = YES;
				CLANG_WARN_DEPRECATED_OBJC_IMPLEMENTATIONS = YES;
				CLANG_WARN_DIRECT_OBJC_ISA_USAGE = YES_ERROR;
				CLANG_WARN_DOCUMENTATION_COMMENTS = YES;
				CLANG_WARN_EMPTY_BODY = YES;
				CLANG_WARN_ENUM_CONVERSION = YES;
				CLANG_WARN_INFINITE_RECURSION = YES;
				CLANG_WARN_INT_CONVERSION = YES;
				CLANG_WARN_NON_LITERAL_NULL_CONVERSION = YES;
				CLANG_WARN_OBJC_IMPLICIT_RETAIN_SELF = YES;
				CLANG_WARN_OBJC_LITERAL_CONVERSION = YES;
				CLANG_WARN_OBJC_ROOT_CLASS = YES_ERROR;
				CLANG_WARN_QUOTED_INCLUDE_IN_FRAMEWORK_HEADER = YES;
				CLANG_WARN_RANGE_LOOP_ANALYSIS = YES;
				CLANG_WARN_STRICT_PROTOTYPES = YES;
				CLANG_WARN_SUSPICIOUS_MOVE = YES;
				CLANG_WARN_UNGUARDED_AVAILABILITY = YES_AGGRESSIVE;
				CLANG_WARN_UNREACHABLE_CODE = YES;
				CLANG_WARN__DUPLICATE_METHOD_MATCH = YES;
				COPY_PHASE_STRIP = NO;
				DEBUG_INFORMATION_FORMAT = "dwarf-with-dsym";
				ENABLE_NS_ASSERTIONS = NO;
				ENABLE_STRICT_OBJC_MSGSEND = YES;
				GCC_C_LANGUAGE_STANDARD = gnu11;
				GCC_NO_COMMON_BLOCKS = YES;
				GCC_WARN_64_TO_32_BIT_CONVERSION = YES;
				GCC_WARN_ABOUT_RETURN_TYPE = YES_ERROR;
				GCC_WARN_UNDECLARED_SELECTOR = YES;
				GCC_WARN_UNINITIALIZED_AUTOS = YES_AGGRESSIVE;
				GCC_WARN_UNUSED_FUNCTION = YES;
				GCC_WARN_UNUSED_VARIABLE = YES;
				IPHONEOS_DEPLOYMENT_TARGET = 16.0;
				MTL_ENABLE_DEBUG_INFO = NO;
				MTL_FAST_MATH = YES;
				SDKROOT = iphoneos;
				SWIFT_COMPILATION_MODE = wholemodule;
				SWIFT_OPTIMIZATION_LEVEL = "-O";
				VALIDATE_PRODUCT = YES;
			};
			name = Release;
		};
		4A2D7CEF2A9BCCEF00387EDB /* Debug */ = {
			isa = XCBuildConfiguration;
			buildSettings = {
				ASSETCATALOG_COMPILER_APPICON_NAME = AppIcon;
				ASSETCATALOG_COMPILER_GLOBAL_ACCENT_COLOR_NAME = AccentColor;
				CODE_SIGN_STYLE = Automatic;
				CURRENT_PROJECT_VERSION = 1;
				DEVELOPMENT_TEAM = 28P4VGRC5F;
				GENERATE_INFOPLIST_FILE = YES;
				INFOPLIST_FILE = ShopView/Info.plist;
				INFOPLIST_KEY_UIApplicationSupportsIndirectInputEvents = YES;
				INFOPLIST_KEY_UILaunchStoryboardName = LaunchScreen;
				INFOPLIST_KEY_UIMainStoryboardFile = Main;
				INFOPLIST_KEY_UISupportedInterfaceOrientations_iPad = "UIInterfaceOrientationPortrait UIInterfaceOrientationPortraitUpsideDown UIInterfaceOrientationLandscapeLeft UIInterfaceOrientationLandscapeRight";
				INFOPLIST_KEY_UISupportedInterfaceOrientations_iPhone = "UIInterfaceOrientationPortrait UIInterfaceOrientationLandscapeLeft UIInterfaceOrientationLandscapeRight";
				LD_RUNPATH_SEARCH_PATHS = (
					"$(inherited)",
					"@executable_path/Frameworks",
				);
				MARKETING_VERSION = 1.0;
				PRODUCT_BUNDLE_IDENTIFIER = EV.ShopView;
				PRODUCT_NAME = "$(TARGET_NAME)";
				SWIFT_EMIT_LOC_STRINGS = YES;
				SWIFT_VERSION = 5.0;
				TARGETED_DEVICE_FAMILY = "1,2";
			};
			name = Debug;
		};
		4A2D7CF02A9BCCEF00387EDB /* Release */ = {
			isa = XCBuildConfiguration;
			buildSettings = {
				ASSETCATALOG_COMPILER_APPICON_NAME = AppIcon;
				ASSETCATALOG_COMPILER_GLOBAL_ACCENT_COLOR_NAME = AccentColor;
				CODE_SIGN_STYLE = Automatic;
				CURRENT_PROJECT_VERSION = 1;
				DEVELOPMENT_TEAM = 28P4VGRC5F;
				GENERATE_INFOPLIST_FILE = YES;
				INFOPLIST_FILE = ShopView/Info.plist;
				INFOPLIST_KEY_UIApplicationSupportsIndirectInputEvents = YES;
				INFOPLIST_KEY_UILaunchStoryboardName = LaunchScreen;
				INFOPLIST_KEY_UIMainStoryboardFile = Main;
				INFOPLIST_KEY_UISupportedInterfaceOrientations_iPad = "UIInterfaceOrientationPortrait UIInterfaceOrientationPortraitUpsideDown UIInterfaceOrientationLandscapeLeft UIInterfaceOrientationLandscapeRight";
				INFOPLIST_KEY_UISupportedInterfaceOrientations_iPhone = "UIInterfaceOrientationPortrait UIInterfaceOrientationLandscapeLeft UIInterfaceOrientationLandscapeRight";
				LD_RUNPATH_SEARCH_PATHS = (
					"$(inherited)",
					"@executable_path/Frameworks",
				);
				MARKETING_VERSION = 1.0;
				PRODUCT_BUNDLE_IDENTIFIER = EV.ShopView;
				PRODUCT_NAME = "$(TARGET_NAME)";
				SWIFT_EMIT_LOC_STRINGS = YES;
				SWIFT_VERSION = 5.0;
				TARGETED_DEVICE_FAMILY = "1,2";
			};
			name = Release;
		};
/* End XCBuildConfiguration section */

/* Begin XCConfigurationList section */
		4A2D7CD52A9BCCED00387EDB /* Build configuration list for PBXProject "ShopView" */ = {
			isa = XCConfigurationList;
			buildConfigurations = (
				4A2D7CEC2A9BCCEF00387EDB /* Debug */,
				4A2D7CED2A9BCCEF00387EDB /* Release */,
			);
			defaultConfigurationIsVisible = 0;
			defaultConfigurationName = Release;
		};
		4A2D7CEE2A9BCCEF00387EDB /* Build configuration list for PBXNativeTarget "ShopView" */ = {
			isa = XCConfigurationList;
			buildConfigurations = (
				4A2D7CEF2A9BCCEF00387EDB /* Debug */,
				4A2D7CF02A9BCCEF00387EDB /* Release */,
			);
			defaultConfigurationIsVisible = 0;
			defaultConfigurationName = Release;
		};
/* End XCConfigurationList section */
	};
	rootObject = 4A2D7CD22A9BCCED00387EDB /* Project object */;
}
